
Microsoft Visual Studio Solution File, Format Version 12.00
# Visual Studio Version 16
VisualStudioVersion = 16.0.31624.102
MinimumVisualStudioVersion = 10.0.40219.1
Project("{FAE04EC0-301F-11D3-BF4B-00C04F79EFBC}") = "SensorRest", "SensorRest\SensorRest.csproj", "{97CE7A39-D4EF-4E36-8B5A-7BB51414A67C}"
EndProject
Global
	GlobalSection(SolutionConfigurationPlatforms) = preSolution
		Debug|Any CPU = Debug|Any CPU
		Release|Any CPU = Release|Any CPU
	EndGlobalSection
	GlobalSection(ProjectConfigurationPlatforms) = postSolution
		{97CE7A39-D4EF-4E36-8B5A-7BB51414A67C}.Debug|Any CPU.ActiveCfg = Debug|Any CPU
		{97CE7A39-D4EF-4E36-8B5A-7BB51414A67C}.Debug|Any CPU.Build.0 = Debug|Any CPU
		{97CE7A39-D4EF-4E36-8B5A-7BB51414A67C}.Release|Any CPU.ActiveCfg = Release|Any CPU
		{97CE7A39-D4EF-4E36-8B5A-7BB51414A67C}.Release|Any CPU.Build.0 = Release|Any CPU
	EndGlobalSection
	GlobalSection(SolutionProperties) = preSolution
		HideSolutionNode = FALSE
	EndGlobalSection
	GlobalSection(ExtensibilityGlobals) = postSolution
		SolutionGuid = {0E3C1140-4927-4D7D-A6B5-42078D2B9E66}
	EndGlobalSection
EndGlobal
